
Microsoft Visual Studio Solution File, Format Version 12.00
# Visual Studio 2012
Project("{FAE04EC0-301F-11D3-BF4B-00C04F79EFBC}") = "Proyecto26.RestClient", "Proyecto26.RestClient\Proyecto26.RestClient.csproj", "{FDED47FF-1E6B-42F3-9DE5-AC7EE5305DF4}"
EndProject
Project("{2150E333-8FDC-42A3-9474-1A3956D46DE8}") = "dlls", "dlls", "{CA604D45-43D1-40F1-A86D-615E2AAF718C}"
	ProjectSection(SolutionItems) = preProject
		dlls\UnityEditor.dll = dlls\UnityEditor.dll
		dlls\UnityEngine.dll = dlls\UnityEngine.dll
	EndProjectSection
EndProject
Global
	GlobalSection(SolutionConfigurationPlatforms) = preSolution
		Debug|Any CPU = Debug|Any CPU
		Release|Any CPU = Release|Any CPU
	EndGlobalSection
	GlobalSection(ProjectConfigurationPlatforms) = postSolution
		{FDED47FF-1E6B-42F3-9DE5-AC7EE5305DF4}.Debug|Any CPU.ActiveCfg = Debug|Any CPU
		{FDED47FF-1E6B-42F3-9DE5-AC7EE5305DF4}.Debug|Any CPU.Build.0 = Debug|Any CPU
		{FDED47FF-1E6B-42F3-9DE5-AC7EE5305DF4}.Release|Any CPU.ActiveCfg = Release|Any CPU
		{FDED47FF-1E6B-42F3-9DE5-AC7EE5305DF4}.Release|Any CPU.Build.0 = Release|Any CPU
	EndGlobalSection
	GlobalSection(NestedProjects) = preSolution
	EndGlobalSection
EndGlobal
